
Microsoft Visual Studio Solution File, Format Version 12.00
# Visual Studio Version 17
VisualStudioVersion = 17.11.35222.181
MinimumVisualStudioVersion = 10.0.40219.1
Project("{9A19103F-16F7-4668-BE54-9A1E7A4F7556}") = "ListaDeTareas", "ListaDeTareas\ListaDeTareas.csproj", "{4F716D31-8388-4BD8-B977-BCB9AC69B096}"
EndProject
Project("{9A19103F-16F7-4668-BE54-9A1E7A4F7556}") = "Contactos", "Contactos\Contactos.csproj", "{FA323297-A9F1-48AB-AFB7-E88DF8F571C6}"
EndProject
Project("{9A19103F-16F7-4668-BE54-9A1E7A4F7556}") = "Almacen", "Almacen\Almacen.csproj", "{C6F39945-0B65-4BF7-B189-E051399B376C}"
EndProject
Project("{9A19103F-16F7-4668-BE54-9A1E7A4F7556}") = "Biblioteca", "Biblioteca\Biblioteca.csproj", "{48AD2818-F3E0-429A-AFD4-AD6632CC472F}"
EndProject
Project("{9A19103F-16F7-4668-BE54-9A1E7A4F7556}") = "InventarioProductos", "InventarioProductos\InventarioProductos.csproj", "{B002E0C9-DD58-42B4-8178-C7AA1D255EAA}"
EndProject
Project("{FAE04EC0-301F-11D3-BF4B-00C04F79EFBC}") = "Empleados", "Empleados\Empleados.csproj", "{505F6CDC-173E-44AC-AA72-DC1CF38C0CE5}"
EndProject
Global
	GlobalSection(SolutionConfigurationPlatforms) = preSolution
		Debug|Any CPU = Debug|Any CPU
		Release|Any CPU = Release|Any CPU
	EndGlobalSection
	GlobalSection(ProjectConfigurationPlatforms) = postSolution
		{4F716D31-8388-4BD8-B977-BCB9AC69B096}.Debug|Any CPU.ActiveCfg = Debug|Any CPU
		{4F716D31-8388-4BD8-B977-BCB9AC69B096}.Debug|Any CPU.Build.0 = Debug|Any CPU
		{4F716D31-8388-4BD8-B977-BCB9AC69B096}.Release|Any CPU.ActiveCfg = Release|Any CPU
		{4F716D31-8388-4BD8-B977-BCB9AC69B096}.Release|Any CPU.Build.0 = Release|Any CPU
		{FA323297-A9F1-48AB-AFB7-E88DF8F571C6}.Debug|Any CPU.ActiveCfg = Debug|Any CPU
		{FA323297-A9F1-48AB-AFB7-E88DF8F571C6}.Debug|Any CPU.Build.0 = Debug|Any CPU
		{FA323297-A9F1-48AB-AFB7-E88DF8F571C6}.Release|Any CPU.ActiveCfg = Release|Any CPU
		{FA323297-A9F1-48AB-AFB7-E88DF8F571C6}.Release|Any CPU.Build.0 = Release|Any CPU
		{C6F39945-0B65-4BF7-B189-E051399B376C}.Debug|Any CPU.ActiveCfg = Debug|Any CPU
		{C6F39945-0B65-4BF7-B189-E051399B376C}.Debug|Any CPU.Build.0 = Debug|Any CPU
		{C6F39945-0B65-4BF7-B189-E051399B376C}.Release|Any CPU.ActiveCfg = Release|Any CPU
		{C6F39945-0B65-4BF7-B189-E051399B376C}.Release|Any CPU.Build.0 = Release|Any CPU
		{48AD2818-F3E0-429A-AFD4-AD6632CC472F}.Debug|Any CPU.ActiveCfg = Debug|Any CPU
		{48AD2818-F3E0-429A-AFD4-AD6632CC472F}.Debug|Any CPU.Build.0 = Debug|Any CPU
		{48AD2818-F3E0-429A-AFD4-AD6632CC472F}.Release|Any CPU.ActiveCfg = Release|Any CPU
		{48AD2818-F3E0-429A-AFD4-AD6632CC472F}.Release|Any CPU.Build.0 = Release|Any CPU
		{B002E0C9-DD58-42B4-8178-C7AA1D255EAA}.Debug|Any CPU.ActiveCfg = Debug|Any CPU
		{B002E0C9-DD58-42B4-8178-C7AA1D255EAA}.Debug|Any CPU.Build.0 = Debug|Any CPU
		{B002E0C9-DD58-42B4-8178-C7AA1D255EAA}.Release|Any CPU.ActiveCfg = Release|Any CPU
		{B002E0C9-DD58-42B4-8178-C7AA1D255EAA}.Release|Any CPU.Build.0 = Release|Any CPU
		{505F6CDC-173E-44AC-AA72-DC1CF38C0CE5}.Debug|Any CPU.ActiveCfg = Debug|Any CPU
		{505F6CDC-173E-44AC-AA72-DC1CF38C0CE5}.Debug|Any CPU.Build.0 = Debug|Any CPU
		{505F6CDC-173E-44AC-AA72-DC1CF38C0CE5}.Release|Any CPU.ActiveCfg = Release|Any CPU
		{505F6CDC-173E-44AC-AA72-DC1CF38C0CE5}.Release|Any CPU.Build.0 = Release|Any CPU
	EndGlobalSection
	GlobalSection(SolutionProperties) = preSolution
		HideSolutionNode = FALSE
	EndGlobalSection
	GlobalSection(ExtensibilityGlobals) = postSolution
		SolutionGuid = {88E3A0DF-40BB-4A5A-8D0C-9326C4A98149}
	EndGlobalSection
EndGlobal
