
Microsoft Visual Studio Solution File, Format Version 12.00
# Visual Studio Version 17
VisualStudioVersion = 17.11.35222.181
MinimumVisualStudioVersion = 10.0.40219.1
Project("{FAE04EC0-301F-11D3-BF4B-00C04F79EFBC}") = "Destructores", "Constructores_Destructores\Destructores.csproj", "{584730FE-A208-4B2D-AFB4-0C35F974F41B}"
EndProject
Project("{9A19103F-16F7-4668-BE54-9A1E7A4F7556}") = "Constructores", "Constructores\Constructores.csproj", "{E338D9B9-5161-4F66-8767-420B19623A18}"
EndProject
Project("{9A19103F-16F7-4668-BE54-9A1E7A4F7556}") = "Argumentos", "Argumentos\Argumentos.csproj", "{8BB76EFB-2C0E-4F6C-B79F-01371A444759}"
EndProject
Project("{FAE04EC0-301F-11D3-BF4B-00C04F79EFBC}") = "Delegados", "Delegados\Delegados.csproj", "{9AC6836E-D575-490E-870A-FC9567D070C2}"
EndProject
Global
	GlobalSection(SolutionConfigurationPlatforms) = preSolution
		Debug|Any CPU = Debug|Any CPU
		Release|Any CPU = Release|Any CPU
	EndGlobalSection
	GlobalSection(ProjectConfigurationPlatforms) = postSolution
		{584730FE-A208-4B2D-AFB4-0C35F974F41B}.Debug|Any CPU.ActiveCfg = Debug|Any CPU
		{584730FE-A208-4B2D-AFB4-0C35F974F41B}.Debug|Any CPU.Build.0 = Debug|Any CPU
		{584730FE-A208-4B2D-AFB4-0C35F974F41B}.Release|Any CPU.ActiveCfg = Release|Any CPU
		{584730FE-A208-4B2D-AFB4-0C35F974F41B}.Release|Any CPU.Build.0 = Release|Any CPU
		{E338D9B9-5161-4F66-8767-420B19623A18}.Debug|Any CPU.ActiveCfg = Debug|Any CPU
		{E338D9B9-5161-4F66-8767-420B19623A18}.Debug|Any CPU.Build.0 = Debug|Any CPU
		{E338D9B9-5161-4F66-8767-420B19623A18}.Release|Any CPU.ActiveCfg = Release|Any CPU
		{E338D9B9-5161-4F66-8767-420B19623A18}.Release|Any CPU.Build.0 = Release|Any CPU
		{8BB76EFB-2C0E-4F6C-B79F-01371A444759}.Debug|Any CPU.ActiveCfg = Debug|Any CPU
		{8BB76EFB-2C0E-4F6C-B79F-01371A444759}.Debug|Any CPU.Build.0 = Debug|Any CPU
		{8BB76EFB-2C0E-4F6C-B79F-01371A444759}.Release|Any CPU.ActiveCfg = Release|Any CPU
		{8BB76EFB-2C0E-4F6C-B79F-01371A444759}.Release|Any CPU.Build.0 = Release|Any CPU
		{9AC6836E-D575-490E-870A-FC9567D070C2}.Debug|Any CPU.ActiveCfg = Debug|Any CPU
		{9AC6836E-D575-490E-870A-FC9567D070C2}.Debug|Any CPU.Build.0 = Debug|Any CPU
		{9AC6836E-D575-490E-870A-FC9567D070C2}.Release|Any CPU.ActiveCfg = Release|Any CPU
		{9AC6836E-D575-490E-870A-FC9567D070C2}.Release|Any CPU.Build.0 = Release|Any CPU
	EndGlobalSection
	GlobalSection(SolutionProperties) = preSolution
		HideSolutionNode = FALSE
	EndGlobalSection
	GlobalSection(ExtensibilityGlobals) = postSolution
		SolutionGuid = {2C05EB81-B0DC-40DA-8E0F-6C9B4BFF2289}
	EndGlobalSection
EndGlobal
