
Microsoft Visual Studio Solution File, Format Version 12.00
# Visual Studio Version 17
VisualStudioVersion = 17.7.34009.444
MinimumVisualStudioVersion = 10.0.40219.1
Project("{9A19103F-16F7-4668-BE54-9A1E7A4F7556}") = "FormaGeometrica", "POO-1\FormaGeometrica.csproj", "{708E21A7-2F1D-409E-9ECA-0B23E16B5F08}"
EndProject
Project("{9A19103F-16F7-4668-BE54-9A1E7A4F7556}") = "Vehiculo", "POO-2\Vehiculo.csproj", "{8817EF54-E205-4636-A747-4EB77831C6BA}"
EndProject
Project("{9A19103F-16F7-4668-BE54-9A1E7A4F7556}") = "DispositivoElectronico", "POO-3\DispositivoElectronico.csproj", "{B2B117FB-4CDA-470B-B2BB-6C3C01D5F9B6}"
EndProject
Project("{9A19103F-16F7-4668-BE54-9A1E7A4F7556}") = "Empleado", "POO-4\Empleado.csproj", "{F39DD5DB-9FF8-4437-BC02-AE85676398FE}"
EndProject
Project("{9A19103F-16F7-4668-BE54-9A1E7A4F7556}") = "Persona", "Persona\Persona.csproj", "{4D8D9C0A-F934-47D6-AEB7-3D3471719A74}"
EndProject
Project("{9A19103F-16F7-4668-BE54-9A1E7A4F7556}") = "CuentaBancaria", "CuentaBancaria\CuentaBancaria.csproj", "{F04073F3-953F-4C5D-9E14-F595BBFA7B69}"
EndProject
Project("{9A19103F-16F7-4668-BE54-9A1E7A4F7556}") = "Producto", "Producto\Producto.csproj", "{FE401443-C129-4A6E-947E-6B03B6DB6476}"
EndProject
Project("{FAE04EC0-301F-11D3-BF4B-00C04F79EFBC}") = "InstrumentoMusical", "InstrumentoMusical\InstrumentoMusical.csproj", "{E06400CE-CC64-4179-89A7-05DA1C6B95AF}"
EndProject
Project("{FAE04EC0-301F-11D3-BF4B-00C04F79EFBC}") = "Vehiculo2", "Vehiculo2\Vehiculo2.csproj", "{2F2A6559-3EB2-4118-B151-C79FE2BE4F75}"
EndProject
Global
	GlobalSection(SolutionConfigurationPlatforms) = preSolution
		Debug|Any CPU = Debug|Any CPU
		Release|Any CPU = Release|Any CPU
	EndGlobalSection
	GlobalSection(ProjectConfigurationPlatforms) = postSolution
		{708E21A7-2F1D-409E-9ECA-0B23E16B5F08}.Debug|Any CPU.ActiveCfg = Debug|Any CPU
		{708E21A7-2F1D-409E-9ECA-0B23E16B5F08}.Debug|Any CPU.Build.0 = Debug|Any CPU
		{708E21A7-2F1D-409E-9ECA-0B23E16B5F08}.Release|Any CPU.ActiveCfg = Release|Any CPU
		{708E21A7-2F1D-409E-9ECA-0B23E16B5F08}.Release|Any CPU.Build.0 = Release|Any CPU
		{8817EF54-E205-4636-A747-4EB77831C6BA}.Debug|Any CPU.ActiveCfg = Debug|Any CPU
		{8817EF54-E205-4636-A747-4EB77831C6BA}.Debug|Any CPU.Build.0 = Debug|Any CPU
		{8817EF54-E205-4636-A747-4EB77831C6BA}.Release|Any CPU.ActiveCfg = Release|Any CPU
		{8817EF54-E205-4636-A747-4EB77831C6BA}.Release|Any CPU.Build.0 = Release|Any CPU
		{B2B117FB-4CDA-470B-B2BB-6C3C01D5F9B6}.Debug|Any CPU.ActiveCfg = Debug|Any CPU
		{B2B117FB-4CDA-470B-B2BB-6C3C01D5F9B6}.Debug|Any CPU.Build.0 = Debug|Any CPU
		{B2B117FB-4CDA-470B-B2BB-6C3C01D5F9B6}.Release|Any CPU.ActiveCfg = Release|Any CPU
		{B2B117FB-4CDA-470B-B2BB-6C3C01D5F9B6}.Release|Any CPU.Build.0 = Release|Any CPU
		{F39DD5DB-9FF8-4437-BC02-AE85676398FE}.Debug|Any CPU.ActiveCfg = Debug|Any CPU
		{F39DD5DB-9FF8-4437-BC02-AE85676398FE}.Debug|Any CPU.Build.0 = Debug|Any CPU
		{F39DD5DB-9FF8-4437-BC02-AE85676398FE}.Release|Any CPU.ActiveCfg = Release|Any CPU
		{F39DD5DB-9FF8-4437-BC02-AE85676398FE}.Release|Any CPU.Build.0 = Release|Any CPU
		{4D8D9C0A-F934-47D6-AEB7-3D3471719A74}.Debug|Any CPU.ActiveCfg = Debug|Any CPU
		{4D8D9C0A-F934-47D6-AEB7-3D3471719A74}.Debug|Any CPU.Build.0 = Debug|Any CPU
		{4D8D9C0A-F934-47D6-AEB7-3D3471719A74}.Release|Any CPU.ActiveCfg = Release|Any CPU
		{4D8D9C0A-F934-47D6-AEB7-3D3471719A74}.Release|Any CPU.Build.0 = Release|Any CPU
		{F04073F3-953F-4C5D-9E14-F595BBFA7B69}.Debug|Any CPU.ActiveCfg = Debug|Any CPU
		{F04073F3-953F-4C5D-9E14-F595BBFA7B69}.Debug|Any CPU.Build.0 = Debug|Any CPU
		{F04073F3-953F-4C5D-9E14-F595BBFA7B69}.Release|Any CPU.ActiveCfg = Release|Any CPU
		{F04073F3-953F-4C5D-9E14-F595BBFA7B69}.Release|Any CPU.Build.0 = Release|Any CPU
		{FE401443-C129-4A6E-947E-6B03B6DB6476}.Debug|Any CPU.ActiveCfg = Debug|Any CPU
		{FE401443-C129-4A6E-947E-6B03B6DB6476}.Debug|Any CPU.Build.0 = Debug|Any CPU
		{FE401443-C129-4A6E-947E-6B03B6DB6476}.Release|Any CPU.ActiveCfg = Release|Any CPU
		{FE401443-C129-4A6E-947E-6B03B6DB6476}.Release|Any CPU.Build.0 = Release|Any CPU
		{E06400CE-CC64-4179-89A7-05DA1C6B95AF}.Debug|Any CPU.ActiveCfg = Debug|Any CPU
		{E06400CE-CC64-4179-89A7-05DA1C6B95AF}.Debug|Any CPU.Build.0 = Debug|Any CPU
		{E06400CE-CC64-4179-89A7-05DA1C6B95AF}.Release|Any CPU.ActiveCfg = Release|Any CPU
		{E06400CE-CC64-4179-89A7-05DA1C6B95AF}.Release|Any CPU.Build.0 = Release|Any CPU
		{2F2A6559-3EB2-4118-B151-C79FE2BE4F75}.Debug|Any CPU.ActiveCfg = Debug|Any CPU
		{2F2A6559-3EB2-4118-B151-C79FE2BE4F75}.Debug|Any CPU.Build.0 = Debug|Any CPU
		{2F2A6559-3EB2-4118-B151-C79FE2BE4F75}.Release|Any CPU.ActiveCfg = Release|Any CPU
		{2F2A6559-3EB2-4118-B151-C79FE2BE4F75}.Release|Any CPU.Build.0 = Release|Any CPU
	EndGlobalSection
	GlobalSection(SolutionProperties) = preSolution
		HideSolutionNode = FALSE
	EndGlobalSection
	GlobalSection(ExtensibilityGlobals) = postSolution
		SolutionGuid = {512BD216-8CC3-4998-98EB-0DE3C923A8A9}
	EndGlobalSection
EndGlobal
