
Microsoft Visual Studio Solution File, Format Version 12.00
# Visual Studio Version 17
VisualStudioVersion = 17.3.32929.385
MinimumVisualStudioVersion = 10.0.40219.1
Project("{9A19103F-16F7-4668-BE54-9A1E7A4F7556}") = "Calculos", "Calculos\Calculos.csproj", "{A75FBCF9-3800-407B-9B17-2AC6D58F8837}"
EndProject
Project("{9A19103F-16F7-4668-BE54-9A1E7A4F7556}") = "Libro", "Libro\Libro.csproj", "{70837553-6397-411C-9EF9-C20923F0CF3B}"
EndProject
Project("{9A19103F-16F7-4668-BE54-9A1E7A4F7556}") = "Vehiculo", "Vehiculo\Vehiculo.csproj", "{BA2E92DC-569C-4CC3-96F0-7DE79A146693}"
EndProject
Project("{9A19103F-16F7-4668-BE54-9A1E7A4F7556}") = "Publicacion", "Publicacion\Publicacion.csproj", "{7763B46D-5E52-4436-91A3-817CBCCB7F19}"
EndProject
Project("{9A19103F-16F7-4668-BE54-9A1E7A4F7556}") = "Transporte", "Transporte\Transporte.csproj", "{F93BFCAB-7A8C-4DE2-A7FF-866A797B89F2}"
EndProject
Project("{9A19103F-16F7-4668-BE54-9A1E7A4F7556}") = "TarjetaIdentificacion", "TarjetaIdentificacion\TarjetaIdentificacion.csproj", "{47EF9818-07F1-4098-9D48-4C863F254262}"
EndProject
Project("{9A19103F-16F7-4668-BE54-9A1E7A4F7556}") = "Productos", "Productos\Productos.csproj", "{E1495362-7158-4B72-8899-AA1472279DD2}"
EndProject
Project("{9A19103F-16F7-4668-BE54-9A1E7A4F7556}") = "Escuela", "Administrador\Escuela.csproj", "{24D203B6-7D04-477D-B190-921F05C7C680}"
EndProject
Project("{9A19103F-16F7-4668-BE54-9A1E7A4F7556}") = "Hospital", "Hospital\Hospital.csproj", "{68A82274-1F04-4851-8CB4-B05FB85B12A7}"
EndProject
Project("{9A19103F-16F7-4668-BE54-9A1E7A4F7556}") = "Clima", "Clima2\Clima.csproj", "{05647333-1A89-4059-B265-34DB61D7EB7D}"
EndProject
Project("{9A19103F-16F7-4668-BE54-9A1E7A4F7556}") = "Hoteleria", "Hoteleria\Hoteleria.csproj", "{DA1311F0-CF12-4FC1-B27D-00E3E7248270}"
EndProject
Project("{FAE04EC0-301F-11D3-BF4B-00C04F79EFBC}") = "FitLife", "FitLife\FitLife.csproj", "{26363C4D-0288-4F60-8377-8CDF01BE6186}"
EndProject
Global
	GlobalSection(SolutionConfigurationPlatforms) = preSolution
		Debug|Any CPU = Debug|Any CPU
		Release|Any CPU = Release|Any CPU
	EndGlobalSection
	GlobalSection(ProjectConfigurationPlatforms) = postSolution
		{A75FBCF9-3800-407B-9B17-2AC6D58F8837}.Debug|Any CPU.ActiveCfg = Debug|Any CPU
		{A75FBCF9-3800-407B-9B17-2AC6D58F8837}.Debug|Any CPU.Build.0 = Debug|Any CPU
		{A75FBCF9-3800-407B-9B17-2AC6D58F8837}.Release|Any CPU.ActiveCfg = Release|Any CPU
		{A75FBCF9-3800-407B-9B17-2AC6D58F8837}.Release|Any CPU.Build.0 = Release|Any CPU
		{70837553-6397-411C-9EF9-C20923F0CF3B}.Debug|Any CPU.ActiveCfg = Debug|Any CPU
		{70837553-6397-411C-9EF9-C20923F0CF3B}.Debug|Any CPU.Build.0 = Debug|Any CPU
		{70837553-6397-411C-9EF9-C20923F0CF3B}.Release|Any CPU.ActiveCfg = Release|Any CPU
		{70837553-6397-411C-9EF9-C20923F0CF3B}.Release|Any CPU.Build.0 = Release|Any CPU
		{BA2E92DC-569C-4CC3-96F0-7DE79A146693}.Debug|Any CPU.ActiveCfg = Debug|Any CPU
		{BA2E92DC-569C-4CC3-96F0-7DE79A146693}.Debug|Any CPU.Build.0 = Debug|Any CPU
		{BA2E92DC-569C-4CC3-96F0-7DE79A146693}.Release|Any CPU.ActiveCfg = Release|Any CPU
		{BA2E92DC-569C-4CC3-96F0-7DE79A146693}.Release|Any CPU.Build.0 = Release|Any CPU
		{7763B46D-5E52-4436-91A3-817CBCCB7F19}.Debug|Any CPU.ActiveCfg = Debug|Any CPU
		{7763B46D-5E52-4436-91A3-817CBCCB7F19}.Debug|Any CPU.Build.0 = Debug|Any CPU
		{7763B46D-5E52-4436-91A3-817CBCCB7F19}.Release|Any CPU.ActiveCfg = Release|Any CPU
		{7763B46D-5E52-4436-91A3-817CBCCB7F19}.Release|Any CPU.Build.0 = Release|Any CPU
		{F93BFCAB-7A8C-4DE2-A7FF-866A797B89F2}.Debug|Any CPU.ActiveCfg = Debug|Any CPU
		{F93BFCAB-7A8C-4DE2-A7FF-866A797B89F2}.Debug|Any CPU.Build.0 = Debug|Any CPU
		{F93BFCAB-7A8C-4DE2-A7FF-866A797B89F2}.Release|Any CPU.ActiveCfg = Release|Any CPU
		{F93BFCAB-7A8C-4DE2-A7FF-866A797B89F2}.Release|Any CPU.Build.0 = Release|Any CPU
		{47EF9818-07F1-4098-9D48-4C863F254262}.Debug|Any CPU.ActiveCfg = Debug|Any CPU
		{47EF9818-07F1-4098-9D48-4C863F254262}.Debug|Any CPU.Build.0 = Debug|Any CPU
		{47EF9818-07F1-4098-9D48-4C863F254262}.Release|Any CPU.ActiveCfg = Release|Any CPU
		{47EF9818-07F1-4098-9D48-4C863F254262}.Release|Any CPU.Build.0 = Release|Any CPU
		{E1495362-7158-4B72-8899-AA1472279DD2}.Debug|Any CPU.ActiveCfg = Debug|Any CPU
		{E1495362-7158-4B72-8899-AA1472279DD2}.Debug|Any CPU.Build.0 = Debug|Any CPU
		{E1495362-7158-4B72-8899-AA1472279DD2}.Release|Any CPU.ActiveCfg = Release|Any CPU
		{E1495362-7158-4B72-8899-AA1472279DD2}.Release|Any CPU.Build.0 = Release|Any CPU
		{24D203B6-7D04-477D-B190-921F05C7C680}.Debug|Any CPU.ActiveCfg = Debug|Any CPU
		{24D203B6-7D04-477D-B190-921F05C7C680}.Debug|Any CPU.Build.0 = Debug|Any CPU
		{24D203B6-7D04-477D-B190-921F05C7C680}.Release|Any CPU.ActiveCfg = Release|Any CPU
		{24D203B6-7D04-477D-B190-921F05C7C680}.Release|Any CPU.Build.0 = Release|Any CPU
		{68A82274-1F04-4851-8CB4-B05FB85B12A7}.Debug|Any CPU.ActiveCfg = Debug|Any CPU
		{68A82274-1F04-4851-8CB4-B05FB85B12A7}.Debug|Any CPU.Build.0 = Debug|Any CPU
		{68A82274-1F04-4851-8CB4-B05FB85B12A7}.Release|Any CPU.ActiveCfg = Release|Any CPU
		{68A82274-1F04-4851-8CB4-B05FB85B12A7}.Release|Any CPU.Build.0 = Release|Any CPU
		{05647333-1A89-4059-B265-34DB61D7EB7D}.Debug|Any CPU.ActiveCfg = Debug|Any CPU
		{05647333-1A89-4059-B265-34DB61D7EB7D}.Debug|Any CPU.Build.0 = Debug|Any CPU
		{05647333-1A89-4059-B265-34DB61D7EB7D}.Release|Any CPU.ActiveCfg = Release|Any CPU
		{05647333-1A89-4059-B265-34DB61D7EB7D}.Release|Any CPU.Build.0 = Release|Any CPU
		{DA1311F0-CF12-4FC1-B27D-00E3E7248270}.Debug|Any CPU.ActiveCfg = Debug|Any CPU
		{DA1311F0-CF12-4FC1-B27D-00E3E7248270}.Debug|Any CPU.Build.0 = Debug|Any CPU
		{DA1311F0-CF12-4FC1-B27D-00E3E7248270}.Release|Any CPU.ActiveCfg = Release|Any CPU
		{DA1311F0-CF12-4FC1-B27D-00E3E7248270}.Release|Any CPU.Build.0 = Release|Any CPU
		{26363C4D-0288-4F60-8377-8CDF01BE6186}.Debug|Any CPU.ActiveCfg = Debug|Any CPU
		{26363C4D-0288-4F60-8377-8CDF01BE6186}.Debug|Any CPU.Build.0 = Debug|Any CPU
		{26363C4D-0288-4F60-8377-8CDF01BE6186}.Release|Any CPU.ActiveCfg = Release|Any CPU
		{26363C4D-0288-4F60-8377-8CDF01BE6186}.Release|Any CPU.Build.0 = Release|Any CPU
	EndGlobalSection
	GlobalSection(SolutionProperties) = preSolution
		HideSolutionNode = FALSE
	EndGlobalSection
	GlobalSection(ExtensibilityGlobals) = postSolution
		SolutionGuid = {036CCF1E-4669-4926-A94C-F707ADC63DDA}
	EndGlobalSection
EndGlobal
