
Microsoft Visual Studio Solution File, Format Version 12.00
# Visual Studio Version 17
VisualStudioVersion = 17.11.35222.181
MinimumVisualStudioVersion = 10.0.40219.1
Project("{FAE04EC0-301F-11D3-BF4B-00C04F79EFBC}") = "linq", "linq.csproj", "{C18563FF-6155-4620-AACB-04E4C63161F8}"
EndProject
Global
	GlobalSection(SolutionConfigurationPlatforms) = preSolution
		Debug|Any CPU = Debug|Any CPU
		Release|Any CPU = Release|Any CPU
	EndGlobalSection
	GlobalSection(ProjectConfigurationPlatforms) = postSolution
		{C18563FF-6155-4620-AACB-04E4C63161F8}.Debug|Any CPU.ActiveCfg = Debug|Any CPU
		{C18563FF-6155-4620-AACB-04E4C63161F8}.Debug|Any CPU.Build.0 = Debug|Any CPU
		{C18563FF-6155-4620-AACB-04E4C63161F8}.Release|Any CPU.ActiveCfg = Release|Any CPU
		{C18563FF-6155-4620-AACB-04E4C63161F8}.Release|Any CPU.Build.0 = Release|Any CPU
	EndGlobalSection
	GlobalSection(SolutionProperties) = preSolution
		HideSolutionNode = FALSE
	EndGlobalSection
	GlobalSection(ExtensibilityGlobals) = postSolution
		SolutionGuid = {FB5743D3-E66E-47E1-81C4-4ABE0A290084}
	EndGlobalSection
EndGlobal
